
Microsoft Visual Studio Solution File, Format Version 12.00
# Visual Studio Version 18
VisualStudioVersion = 18.9.12023.133
MinimumVisualStudioVersion = 10.0.40219.1
Project("{2150E333-8FDC-42A3-9474-1A3956D46DE8}") = "BuildingBlocks", "BuildingBlocks", "{7785E8DD-3EF0-4223-AB0E-FDBD5D344EAF}"
EndProject
Project("{9A19103F-16F7-4668-BE54-9A1E7A4F7556}") = "BuildingBlocks", "BuildingBlocks\BuildingBlocks\BuildingBlocks.csproj", "{C14EA394-1DC0-4215-BA20-9EFDB778653B}"
EndProject
Project("{9A19103F-16F7-4668-BE54-9A1E7A4F7556}") = "BuildingBlocks.Contracts", "BuildingBlocks\BuildingBlocks.Contracts\BuildingBlocks.Contracts.csproj", "{7C4C9515-A130-4FF9-983C-E5F08313D77B}"
EndProject
Project("{2150E333-8FDC-42A3-9474-1A3956D46DE8}") = "Services", "Services", "{1E860CDA-6C3C-4EB9-A581-F36147A7882D}"
EndProject
Project("{2150E333-8FDC-42A3-9474-1A3956D46DE8}") = "Cuenta", "Cuenta", "{1C1B4787-A6DF-43B9-90B9-F7ACE7B1D2D8}"
EndProject
Project("{2150E333-8FDC-42A3-9474-1A3956D46DE8}") = "Cliente", "Cliente", "{0BEF6E2D-0BBB-47F4-9589-5E5C5DA9FFCA}"
EndProject
Project("{FAE04EC0-301F-11D3-BF4B-00C04F79EFBC}") = "Client.Domain", "Services\Cliente\Client.Domain\Client.Domain.csproj", "{1CABD090-72F4-447D-88C1-E8F9F1484FDF}"
EndProject
Project("{FAE04EC0-301F-11D3-BF4B-00C04F79EFBC}") = "Client.Application", "Services\Cliente\Client.Application\Client.Application.csproj", "{C7095F0E-6363-4F0E-84EC-4D6868618B6E}"
EndProject
Project("{FAE04EC0-301F-11D3-BF4B-00C04F79EFBC}") = "Client.Infrastructure", "Services\Cliente\Client.Infrastructure\Client.Infrastructure.csproj", "{4F80E2FA-454F-4781-8929-F72F124A2D55}"
EndProject
Project("{FAE04EC0-301F-11D3-BF4B-00C04F79EFBC}") = "Client.API", "Services\Cliente\Client.API\Client.API.csproj", "{C90986B8-26AF-43C3-B945-4911C7E01596}"
EndProject
Project("{E53339B2-1760-4266-BCC7-CA923CBCF16C}") = "docker-compose", "docker-compose.dcproj", "{A4BE8C40-A2B0-4CE5-B4DF-F700BDD5DB58}"
EndProject
Project("{FAE04EC0-301F-11D3-BF4B-00C04F79EFBC}") = "Account.Domain", "Services\Cuenta\Account.Domain\Account.Domain.csproj", "{F6C33C68-0286-4ED1-862D-F16C44793FD0}"
EndProject
Project("{FAE04EC0-301F-11D3-BF4B-00C04F79EFBC}") = "Account.Application", "Services\Cuenta\Account.Application\Account.Application.csproj", "{80F80364-2A72-4A94-8F77-C9C19FE23ACD}"
EndProject
Project("{FAE04EC0-301F-11D3-BF4B-00C04F79EFBC}") = "Account.Infrastructure", "Services\Cuenta\Account.Infrastructure\Account.Infrastructure.csproj", "{91A0B3E2-0466-4267-864E-1B7108CA360C}"
EndProject
Project("{FAE04EC0-301F-11D3-BF4B-00C04F79EFBC}") = "Account.API", "Services\Cuenta\Account.API\Account.API.csproj", "{2E4C4DCE-F4D6-4FDC-B4A5-1C86A8D749BF}"
EndProject
Project("{2150E333-8FDC-42A3-9474-1A3956D46DE8}") = "tests", "tests", "{BAB11F85-C26B-4802-A043-84C021A2FB4B}"
EndProject
Project("{FAE04EC0-301F-11D3-BF4B-00C04F79EFBC}") = "Client.Domain.Tests", "tests\Client.Domain.Tests\Client.Domain.Tests.csproj", "{8BBF2E4D-0D90-4CBE-BED6-FF573833F97B}"
EndProject
Project("{FAE04EC0-301F-11D3-BF4B-00C04F79EFBC}") = "Client.IntegrationTests", "tests\Client.IntegrationTests\Client.IntegrationTests.csproj", "{139E754A-76CA-4716-907B-FCA184B42F8C}"
EndProject
Project("{2150E333-8FDC-42A3-9474-1A3956D46DE8}") = "ApiGateway", "ApiGateway", "{DE70D3E1-44EB-4832-8835-89894AB86BF7}"
EndProject
Project("{FAE04EC0-301F-11D3-BF4B-00C04F79EFBC}") = "ApiGateway", "ApiGateway\ApiGateway\ApiGateway.csproj", "{A6437FCB-3643-4AA8-B62A-29FAAC99B627}"
EndProject
Global
	GlobalSection(SolutionConfigurationPlatforms) = preSolution
		Debug|Any CPU = Debug|Any CPU
		Release|Any CPU = Release|Any CPU
	EndGlobalSection
	GlobalSection(ProjectConfigurationPlatforms) = postSolution
		{C14EA394-1DC0-4215-BA20-9EFDB778653B}.Debug|Any CPU.ActiveCfg = Debug|Any CPU
		{C14EA394-1DC0-4215-BA20-9EFDB778653B}.Debug|Any CPU.Build.0 = Debug|Any CPU
		{C14EA394-1DC0-4215-BA20-9EFDB778653B}.Release|Any CPU.ActiveCfg = Release|Any CPU
		{C14EA394-1DC0-4215-BA20-9EFDB778653B}.Release|Any CPU.Build.0 = Release|Any CPU
		{7C4C9515-A130-4FF9-983C-E5F08313D77B}.Debug|Any CPU.ActiveCfg = Debug|Any CPU
		{7C4C9515-A130-4FF9-983C-E5F08313D77B}.Debug|Any CPU.Build.0 = Debug|Any CPU
		{7C4C9515-A130-4FF9-983C-E5F08313D77B}.Release|Any CPU.ActiveCfg = Release|Any CPU
		{7C4C9515-A130-4FF9-983C-E5F08313D77B}.Release|Any CPU.Build.0 = Release|Any CPU
		{1CABD090-72F4-447D-88C1-E8F9F1484FDF}.Debug|Any CPU.ActiveCfg = Debug|Any CPU
		{1CABD090-72F4-447D-88C1-E8F9F1484FDF}.Debug|Any CPU.Build.0 = Debug|Any CPU
		{1CABD090-72F4-447D-88C1-E8F9F1484FDF}.Release|Any CPU.ActiveCfg = Release|Any CPU
		{1CABD090-72F4-447D-88C1-E8F9F1484FDF}.Release|Any CPU.Build.0 = Release|Any CPU
		{C7095F0E-6363-4F0E-84EC-4D6868618B6E}.Debug|Any CPU.ActiveCfg = Debug|Any CPU
		{C7095F0E-6363-4F0E-84EC-4D6868618B6E}.Debug|Any CPU.Build.0 = Debug|Any CPU
		{C7095F0E-6363-4F0E-84EC-4D6868618B6E}.Release|Any CPU.ActiveCfg = Release|Any CPU
		{C7095F0E-6363-4F0E-84EC-4D6868618B6E}.Release|Any CPU.Build.0 = Release|Any CPU
		{4F80E2FA-454F-4781-8929-F72F124A2D55}.Debug|Any CPU.ActiveCfg = Debug|Any CPU
		{4F80E2FA-454F-4781-8929-F72F124A2D55}.Debug|Any CPU.Build.0 = Debug|Any CPU
		{4F80E2FA-454F-4781-8929-F72F124A2D55}.Release|Any CPU.ActiveCfg = Release|Any CPU
		{4F80E2FA-454F-4781-8929-F72F124A2D55}.Release|Any CPU.Build.0 = Release|Any CPU
		{C90986B8-26AF-43C3-B945-4911C7E01596}.Debug|Any CPU.ActiveCfg = Debug|Any CPU
		{C90986B8-26AF-43C3-B945-4911C7E01596}.Debug|Any CPU.Build.0 = Debug|Any CPU
		{C90986B8-26AF-43C3-B945-4911C7E01596}.Release|Any CPU.ActiveCfg = Release|Any CPU
		{C90986B8-26AF-43C3-B945-4911C7E01596}.Release|Any CPU.Build.0 = Release|Any CPU
		{A4BE8C40-A2B0-4CE5-B4DF-F700BDD5DB58}.Debug|Any CPU.ActiveCfg = Debug|Any CPU
		{A4BE8C40-A2B0-4CE5-B4DF-F700BDD5DB58}.Debug|Any CPU.Build.0 = Debug|Any CPU
		{A4BE8C40-A2B0-4CE5-B4DF-F700BDD5DB58}.Release|Any CPU.ActiveCfg = Release|Any CPU
		{A4BE8C40-A2B0-4CE5-B4DF-F700BDD5DB58}.Release|Any CPU.Build.0 = Release|Any CPU
		{F6C33C68-0286-4ED1-862D-F16C44793FD0}.Debug|Any CPU.ActiveCfg = Debug|Any CPU
		{F6C33C68-0286-4ED1-862D-F16C44793FD0}.Debug|Any CPU.Build.0 = Debug|Any CPU
		{F6C33C68-0286-4ED1-862D-F16C44793FD0}.Release|Any CPU.ActiveCfg = Release|Any CPU
		{F6C33C68-0286-4ED1-862D-F16C44793FD0}.Release|Any CPU.Build.0 = Release|Any CPU
		{80F80364-2A72-4A94-8F77-C9C19FE23ACD}.Debug|Any CPU.ActiveCfg = Debug|Any CPU
		{80F80364-2A72-4A94-8F77-C9C19FE23ACD}.Debug|Any CPU.Build.0 = Debug|Any CPU
		{80F80364-2A72-4A94-8F77-C9C19FE23ACD}.Release|Any CPU.ActiveCfg = Release|Any CPU
		{80F80364-2A72-4A94-8F77-C9C19FE23ACD}.Release|Any CPU.Build.0 = Release|Any CPU
		{91A0B3E2-0466-4267-864E-1B7108CA360C}.Debug|Any CPU.ActiveCfg = Debug|Any CPU
		{91A0B3E2-0466-4267-864E-1B7108CA360C}.Debug|Any CPU.Build.0 = Debug|Any CPU
		{91A0B3E2-0466-4267-864E-1B7108CA360C}.Release|Any CPU.ActiveCfg = Release|Any CPU
		{91A0B3E2-0466-4267-864E-1B7108CA360C}.Release|Any CPU.Build.0 = Release|Any CPU
		{2E4C4DCE-F4D6-4FDC-B4A5-1C86A8D749BF}.Debug|Any CPU.ActiveCfg = Debug|Any CPU
		{2E4C4DCE-F4D6-4FDC-B4A5-1C86A8D749BF}.Debug|Any CPU.Build.0 = Debug|Any CPU
		{2E4C4DCE-F4D6-4FDC-B4A5-1C86A8D749BF}.Release|Any CPU.ActiveCfg = Release|Any CPU
		{2E4C4DCE-F4D6-4FDC-B4A5-1C86A8D749BF}.Release|Any CPU.Build.0 = Release|Any CPU
		{8BBF2E4D-0D90-4CBE-BED6-FF573833F97B}.Debug|Any CPU.ActiveCfg = Debug|Any CPU
		{8BBF2E4D-0D90-4CBE-BED6-FF573833F97B}.Debug|Any CPU.Build.0 = Debug|Any CPU
		{8BBF2E4D-0D90-4CBE-BED6-FF573833F97B}.Release|Any CPU.ActiveCfg = Release|Any CPU
		{8BBF2E4D-0D90-4CBE-BED6-FF573833F97B}.Release|Any CPU.Build.0 = Release|Any CPU
		{139E754A-76CA-4716-907B-FCA184B42F8C}.Debug|Any CPU.ActiveCfg = Debug|Any CPU
		{139E754A-76CA-4716-907B-FCA184B42F8C}.Debug|Any CPU.Build.0 = Debug|Any CPU
		{139E754A-76CA-4716-907B-FCA184B42F8C}.Release|Any CPU.ActiveCfg = Release|Any CPU
		{139E754A-76CA-4716-907B-FCA184B42F8C}.Release|Any CPU.Build.0 = Release|Any CPU
		{A6437FCB-3643-4AA8-B62A-29FAAC99B627}.Debug|Any CPU.ActiveCfg = Debug|Any CPU
		{A6437FCB-3643-4AA8-B62A-29FAAC99B627}.Debug|Any CPU.Build.0 = Debug|Any CPU
		{A6437FCB-3643-4AA8-B62A-29FAAC99B627}.Release|Any CPU.ActiveCfg = Release|Any CPU
		{A6437FCB-3643-4AA8-B62A-29FAAC99B627}.Release|Any CPU.Build.0 = Release|Any CPU
	EndGlobalSection
	GlobalSection(SolutionProperties) = preSolution
		HideSolutionNode = FALSE
	EndGlobalSection
	GlobalSection(NestedProjects) = preSolution
		{C14EA394-1DC0-4215-BA20-9EFDB778653B} = {7785E8DD-3EF0-4223-AB0E-FDBD5D344EAF}
		{7C4C9515-A130-4FF9-983C-E5F08313D77B} = {7785E8DD-3EF0-4223-AB0E-FDBD5D344EAF}
		{1C1B4787-A6DF-43B9-90B9-F7ACE7B1D2D8} = {1E860CDA-6C3C-4EB9-A581-F36147A7882D}
		{0BEF6E2D-0BBB-47F4-9589-5E5C5DA9FFCA} = {1E860CDA-6C3C-4EB9-A581-F36147A7882D}
		{1CABD090-72F4-447D-88C1-E8F9F1484FDF} = {0BEF6E2D-0BBB-47F4-9589-5E5C5DA9FFCA}
		{C7095F0E-6363-4F0E-84EC-4D6868618B6E} = {0BEF6E2D-0BBB-47F4-9589-5E5C5DA9FFCA}
		{4F80E2FA-454F-4781-8929-F72F124A2D55} = {0BEF6E2D-0BBB-47F4-9589-5E5C5DA9FFCA}
		{C90986B8-26AF-43C3-B945-4911C7E01596} = {0BEF6E2D-0BBB-47F4-9589-5E5C5DA9FFCA}
		{F6C33C68-0286-4ED1-862D-F16C44793FD0} = {1C1B4787-A6DF-43B9-90B9-F7ACE7B1D2D8}
		{80F80364-2A72-4A94-8F77-C9C19FE23ACD} = {1C1B4787-A6DF-43B9-90B9-F7ACE7B1D2D8}
		{91A0B3E2-0466-4267-864E-1B7108CA360C} = {1C1B4787-A6DF-43B9-90B9-F7ACE7B1D2D8}
		{2E4C4DCE-F4D6-4FDC-B4A5-1C86A8D749BF} = {1C1B4787-A6DF-43B9-90B9-F7ACE7B1D2D8}
		{8BBF2E4D-0D90-4CBE-BED6-FF573833F97B} = {BAB11F85-C26B-4802-A043-84C021A2FB4B}
		{139E754A-76CA-4716-907B-FCA184B42F8C} = {BAB11F85-C26B-4802-A043-84C021A2FB4B}
		{A6437FCB-3643-4AA8-B62A-29FAAC99B627} = {DE70D3E1-44EB-4832-8835-89894AB86BF7}
	EndGlobalSection
	GlobalSection(ExtensibilityGlobals) = postSolution
		SolutionGuid = {1F12955A-B1E8-4F41-9EE2-8AF7A06F878F}
	EndGlobalSection
EndGlobal
